// !$*UTF8*$!
{
	archiveVersion = 1;
	classes = {
	};
	objectVersion = 60;
	objects = {

/* Begin PBXBuildFile section */
		0000000000000000000000C8 /* AppModel.swift in Sources */ = {isa = PBXBuildFile; fileRef = 000000000000000000000064 /* AppModel.swift */; };
		0000000000000000000000C9 /* ContentView.swift in Sources */ = {isa = PBXBuildFile; fileRef = 000000000000000000000065 /* ContentView.swift */; };
		0000000000000000000000CA /* HouseholdView.swift in Sources */ = {isa = PBXBuildFile; fileRef = 000000000000000000000066 /* HouseholdView.swift */; };
		0000000000000000000000CB /* ScreenshotFixtures.swift in Sources */ = {isa = PBXBuildFile; fileRef = 000000000000000000000067 /* ScreenshotFixtures.swift */; };
		0000000000000000000000CC /* SettingsView.swift in Sources */ = {isa = PBXBuildFile; fileRef = 000000000000000000000068 /* SettingsView.swift */; };
		0000000000000000000000CD /* TailTallyApp.swift in Sources */ = {isa = PBXBuildFile; fileRef = 000000000000000000000069 /* TailTallyApp.swift */; };
		000000000000000000000190 /* Assets.xcassets in Resources */ = {isa = PBXBuildFile; fileRef = 00000000000000000000012C /* Assets.xcassets */; };
		000000000000000000000191 /* PrivacyInfo.xcprivacy in Resources */ = {isa = PBXBuildFile; fileRef = 00000000000000000000012D /* PrivacyInfo.xcprivacy */; };
		0000000000000000000001F4 /* TailTallyCore in Frameworks */ = {isa = PBXBuildFile; productRef = 000000000000000000000011 /* TailTallyCore */; };
/* End PBXBuildFile section */

/* Begin PBXFileReference section */
		000000000000000000000006 /* TailTally.app */ = {isa = PBXFileReference; explicitFileType = wrapper.application; path = TailTally.app; sourceTree = BUILT_PRODUCTS_DIR; };
		000000000000000000000064 /* AppModel.swift */ = {isa = PBXFileReference; lastKnownFileType = sourcecode.swift; path = AppModel.swift; sourceTree = "<group>"; };
		000000000000000000000065 /* ContentView.swift */ = {isa = PBXFileReference; lastKnownFileType = sourcecode.swift; path = ContentView.swift; sourceTree = "<group>"; };
		000000000000000000000066 /* HouseholdView.swift */ = {isa = PBXFileReference; lastKnownFileType = sourcecode.swift; path = HouseholdView.swift; sourceTree = "<group>"; };
		000000000000000000000067 /* ScreenshotFixtures.swift */ = {isa = PBXFileReference; lastKnownFileType = sourcecode.swift; path = ScreenshotFixtures.swift; sourceTree = "<group>"; };
		000000000000000000000068 /* SettingsView.swift */ = {isa = PBXFileReference; lastKnownFileType = sourcecode.swift; path = SettingsView.swift; sourceTree = "<group>"; };
		000000000000000000000069 /* TailTallyApp.swift */ = {isa = PBXFileReference; lastKnownFileType = sourcecode.swift; path = TailTallyApp.swift; sourceTree = "<group>"; };
		00000000000000000000012C /* Assets.xcassets */ = {isa = PBXFileReference; lastKnownFileType = folder.assetcatalog; path = Assets.xcassets; sourceTree = "<group>"; };
		00000000000000000000012D /* PrivacyInfo.xcprivacy */ = {isa = PBXFileReference; lastKnownFileType = text.xml; path = PrivacyInfo.xcprivacy; sourceTree = "<group>"; };
/* End PBXFileReference section */

/* Begin PBXFrameworksBuildPhase section */
		000000000000000000000009 /* Frameworks */ = {
			isa = PBXFrameworksBuildPhase;
			buildActionMask = 2147483647;
			files = (
				0000000000000000000001F4 /* TailTallyCore in Frameworks */,
			);
			runOnlyForDeploymentPostprocessing = 0;
		};
/* End PBXFrameworksBuildPhase section */

/* Begin PBXGroup section */
		000000000000000000000002 = {
			isa = PBXGroup;
			children = (
				000000000000000000000003 /* TailTally */,
				000000000000000000000004 /* Products */,
			);
			sourceTree = "<group>";
		};
		000000000000000000000003 /* TailTally */ = {
			isa = PBXGroup;
			children = (
				000000000000000000000064 /* AppModel.swift */,
				000000000000000000000065 /* ContentView.swift */,
				000000000000000000000066 /* HouseholdView.swift */,
				000000000000000000000067 /* ScreenshotFixtures.swift */,
				000000000000000000000068 /* SettingsView.swift */,
				000000000000000000000069 /* TailTallyApp.swift */,
				00000000000000000000012C /* Assets.xcassets */,
				00000000000000000000012D /* PrivacyInfo.xcprivacy */,
			);
			path = TailTally;
			sourceTree = "<group>";
		};
		000000000000000000000004 /* Products */ = {
			isa = PBXGroup;
			children = (
				000000000000000000000006 /* TailTally.app */,
			);
			name = Products;
			sourceTree = "<group>";
		};
/* End PBXGroup section */

/* Begin PBXNativeTarget section */
		000000000000000000000005 /* TailTally */ = {
			isa = PBXNativeTarget;
			buildConfigurationList = 00000000000000000000000A /* Build configuration list for PBXNativeTarget "TailTally" */;
			buildPhases = (
				000000000000000000000007 /* Sources */,
				000000000000000000000009 /* Frameworks */,
				000000000000000000000008 /* Resources */,
			);
			buildRules = (
			);
			dependencies = (
			);
			name = TailTally;
			packageProductDependencies = (
				000000000000000000000011 /* TailTallyCore */,
			);
			productName = TailTally;
			productReference = 000000000000000000000006 /* TailTally.app */;
			productType = "com.apple.product-type.application";
		};
/* End PBXNativeTarget section */

/* Begin PBXProject section */
		000000000000000000000001 /* Project object */ = {
			isa = PBXProject;
			attributes = {
				BuildIndependentTargetsInParallel = YES;
				LastUpgradeCheck = 1600;
			};
			buildConfigurationList = 00000000000000000000000D /* Build configuration list for PBXProject "TailTally" */;
			compatibilityVersion = "Xcode 14.0";
			developmentRegion = en;
			hasScannedForEncodings = 0;
			knownRegions = (
				en,
				Base,
			);
			mainGroup = 000000000000000000000002;
			packageReferences = (
				000000000000000000000010 /* XCLocalSwiftPackageReference "." */,
			);
			productRefGroup = 000000000000000000000004 /* Products */;
			projectDirPath = "";
			projectRoot = "";
			targets = (
				000000000000000000000005 /* TailTally */,
			);
		};
/* End PBXProject section */

/* Begin PBXResourcesBuildPhase section */
		000000000000000000000008 /* Resources */ = {
			isa = PBXResourcesBuildPhase;
			buildActionMask = 2147483647;
			files = (
				000000000000000000000190 /* Assets.xcassets in Resources */,
				000000000000000000000191 /* PrivacyInfo.xcprivacy in Resources */,
			);
			runOnlyForDeploymentPostprocessing = 0;
		};
/* End PBXResourcesBuildPhase section */

/* Begin PBXSourcesBuildPhase section */
		000000000000000000000007 /* Sources */ = {
			isa = PBXSourcesBuildPhase;
			buildActionMask = 2147483647;
			files = (
				0000000000000000000000C8 /* AppModel.swift in Sources */,
				0000000000000000000000C9 /* ContentView.swift in Sources */,
				0000000000000000000000CA /* HouseholdView.swift in Sources */,
				0000000000000000000000CB /* ScreenshotFixtures.swift in Sources */,
				0000000000000000000000CC /* SettingsView.swift in Sources */,
				0000000000000000000000CD /* TailTallyApp.swift in Sources */,
			);
			runOnlyForDeploymentPostprocessing = 0;
		};
/* End PBXSourcesBuildPhase section */

/* Begin XCBuildConfiguration section */
		00000000000000000000000B /* Debug */ = {
			isa = XCBuildConfiguration;
			buildSettings = {
				ASSETCATALOG_COMPILER_APPICON_NAME = AppIcon;
				CODE_SIGN_IDENTITY = "Apple Development";
				CODE_SIGN_STYLE = Automatic;
				CURRENT_PROJECT_VERSION = 3;
				DEVELOPMENT_TEAM = 2ES87W257J;
				GENERATE_INFOPLIST_FILE = NO;
				INFOPLIST_FILE = TailTally/Info.plist;
				INFOPLIST_KEY_CFBundleDisplayName = "Tail Tally";
				INFOPLIST_KEY_LSApplicationCategoryType = "public.app-category.lifestyle";
				IPHONEOS_DEPLOYMENT_TARGET = 17.0;
				MARKETING_VERSION = 1.0;
				PRODUCT_BUNDLE_IDENTIFIER = com.infinityball.tailtally;
				PRODUCT_NAME = "$(TARGET_NAME)";
				PROVISIONING_PROFILE_SPECIFIER = "";
				SDKROOT = iphoneos;
				SUPPORTED_PLATFORMS = "iphoneos iphonesimulator";
				SUPPORTS_MACCATALYST = NO;
				SUPPORTS_MAC_DESIGNED_FOR_IPHONE_IPAD = NO;
				SUPPORTS_XR_DESIGNED_FOR_IPHONE_IPAD = NO;
				SWIFT_ACTIVE_COMPILATION_CONDITIONS = DEBUG;
				SWIFT_OPTIMIZATION_LEVEL = "-Onone";
				SWIFT_VERSION = 5.0;
				TARGETED_DEVICE_FAMILY = 1;
			};
			name = Debug;
		};
		00000000000000000000000C /* Release */ = {
			isa = XCBuildConfiguration;
			buildSettings = {
				ASSETCATALOG_COMPILER_APPICON_NAME = AppIcon;
				CODE_SIGN_IDENTITY = "Apple Development";
				CODE_SIGN_STYLE = Automatic;
				CURRENT_PROJECT_VERSION = 3;
				DEVELOPMENT_TEAM = 2ES87W257J;
				GENERATE_INFOPLIST_FILE = NO;
				INFOPLIST_FILE = TailTally/Info.plist;
				INFOPLIST_KEY_CFBundleDisplayName = "Tail Tally";
				INFOPLIST_KEY_LSApplicationCategoryType = "public.app-category.lifestyle";
				IPHONEOS_DEPLOYMENT_TARGET = 17.0;
				MARKETING_VERSION = 1.0;
				PRODUCT_BUNDLE_IDENTIFIER = com.infinityball.tailtally;
				PRODUCT_NAME = "$(TARGET_NAME)";
				PROVISIONING_PROFILE_SPECIFIER = "";
				SDKROOT = iphoneos;
				SUPPORTED_PLATFORMS = "iphoneos iphonesimulator";
				SUPPORTS_MACCATALYST = NO;
				SUPPORTS_MAC_DESIGNED_FOR_IPHONE_IPAD = NO;
				SUPPORTS_XR_DESIGNED_FOR_IPHONE_IPAD = NO;
				SWIFT_COMPILATION_MODE = wholemodule;
				SWIFT_VERSION = 5.0;
				TARGETED_DEVICE_FAMILY = 1;
			};
			name = Release;
		};
		00000000000000000000000E /* Debug */ = {
			isa = XCBuildConfiguration;
			buildSettings = {
				CLANG_ENABLE_MODULES = YES;
				ENABLE_USER_SCRIPT_SANDBOXING = YES;
			};
			name = Debug;
		};
		00000000000000000000000F /* Release */ = {
			isa = XCBuildConfiguration;
			buildSettings = {
				CLANG_ENABLE_MODULES = YES;
				ENABLE_USER_SCRIPT_SANDBOXING = YES;
			};
			name = Release;
		};
/* End XCBuildConfiguration section */

/* Begin XCConfigurationList section */
		00000000000000000000000A /* Build configuration list for PBXNativeTarget "TailTally" */ = {
			isa = XCConfigurationList;
			buildConfigurations = (
				00000000000000000000000B /* Debug */,
				00000000000000000000000C /* Release */,
			);
			defaultConfigurationIsVisible = 0;
			defaultConfigurationName = Release;
		};
		00000000000000000000000D /* Build configuration list for PBXProject "TailTally" */ = {
			isa = XCConfigurationList;
			buildConfigurations = (
				00000000000000000000000E /* Debug */,
				00000000000000000000000F /* Release */,
			);
			defaultConfigurationIsVisible = 0;
			defaultConfigurationName = Release;
		};
/* End XCConfigurationList section */

/* Begin XCLocalSwiftPackageReference section */
		000000000000000000000010 /* XCLocalSwiftPackageReference "." */ = {
			isa = XCLocalSwiftPackageReference;
			relativePath = .;
		};
/* End XCLocalSwiftPackageReference section */

/* Begin XCSwiftPackageProductDependency section */
		000000000000000000000011 /* TailTallyCore */ = {
			isa = XCSwiftPackageProductDependency;
			package = 000000000000000000000010 /* XCLocalSwiftPackageReference "." */;
			productName = TailTallyCore;
		};
/* End XCSwiftPackageProductDependency section */
	};
	rootObject = 000000000000000000000001 /* Project object */;
}
